{
  "name": "polaris-blazor",
  "version": "0.0.0",
  "lockfileVersion": 2,
  "requires": true,
  "packages": {
    "": {
      "name": "polaris-blazor",
      "version": "0.0.0",
      "dependencies": {
        "caracal_polaris": "^3.1.1"
      },
      "devDependencies": {}
    },
    "node_modules/caracal_polaris": {
      "version": "3.1.1",
      "resolved": "https://registry.npmjs.org/caracal_polaris/-/caracal_polaris-3.1.1.tgz",
      "integrity": "sha512-VAOs0KpeJyqgPbDVpbIWPErbaxfn2p6qWlRwrlRkLNosjCrjWtb/bZNNqx70ldNTe2fIKwebtRSlw73CBr0aaA=="
    }
  },
  "dependencies": {
    "caracal_polaris": {
      "version": "3.1.1",
      "resolved": "https://registry.npmjs.org/caracal_polaris/-/caracal_polaris-3.1.1.tgz",
      "integrity": "sha512-VAOs0KpeJyqgPbDVpbIWPErbaxfn2p6qWlRwrlRkLNosjCrjWtb/bZNNqx70ldNTe2fIKwebtRSlw73CBr0aaA=="
    }
  }
}
