{
  "name": "polaris-blazor",
  "version": "0.0.0",
  "lockfileVersion": 2,
  "requires": true,
  "packages": {
    "": {
      "name": "polaris-blazor",
      "version": "0.0.0",
      "dependencies": {
        "caracal_polaris": "^3.0.6"
      },
      "devDependencies": {}
    },
    "node_modules/caracal_polaris": {
      "version": "3.0.6",
      "resolved": "https://registry.npmjs.org/caracal_polaris/-/caracal_polaris-3.0.6.tgz",
      "integrity": "sha512-da4r2fFLfjhx5NDphzsdDdgd6wsryakI5r3aWHawHnmZDZKMwOXe/TrQUy90viu0eeb0+8/MUOZ0icwf0zU27Q=="
    }
  },
  "dependencies": {
    "caracal_polaris": {
      "version": "3.0.6",
      "resolved": "https://registry.npmjs.org/caracal_polaris/-/caracal_polaris-3.0.6.tgz",
      "integrity": "sha512-da4r2fFLfjhx5NDphzsdDdgd6wsryakI5r3aWHawHnmZDZKMwOXe/TrQUy90viu0eeb0+8/MUOZ0icwf0zU27Q=="
    }
  }
}
